# This file is automatically @generated by Cargo.
# It is not intended for manual editing.
version = 4

[[package]]
name = "jessie-css"
version = "0.1.0"
dependencies = [
 "putbackpeekmore",
]

[[package]]
name = "putbackpeekmore"
version = "0.1.0"
source = "registry+https://github.com/rust-lang/crates.io-index"
checksum = "e0715134b7c4735d2c5586fee28e6b001eb0a6e805d0fc82b1fd01f965dcf999"
