# This file is automatically @generated by Cargo.
# It is not intended for manual editing.
version = 4

[[package]]
name = "jessie-css"
version = "0.1.0"
dependencies = [
 "putbackpeekmore",
]

[[package]]
name = "putbackpeekmore"
version = "0.1.1"
source = "registry+https://github.com/rust-lang/crates.io-index"
checksum = "58b1150c376965506e92b8b011a2ea37820b929e6b2c9c61661412253d675b03"
